Microsoft Visual Studio Solution File, Format Version 12.00
# Visual Studio 16
Project("{FAE04EC0-301F-11D3-BF4B-00C04F79EFBC}") = "E5077", "E5077.Net5.csproj", "{2BEC0A58-10F5-497D-BD85-6678FAA6CEC0}"
EndProject
Global
	GlobalSection(SolutionConfigurationPlatforms) = preSolution
		Debug|Any CPU = Debug|Any CPU
		Release|Any CPU = Release|Any CPU
	EndGlobalSection
	GlobalSection(ProjectConfigurationPlatforms) = postSolution
		{2BEC0A58-10F5-497D-BD85-6678FAA6CEC0}.Debug|Any CPU.ActiveCfg = Debug|Any CPU
		{2BEC0A58-10F5-497D-BD85-6678FAA6CEC0}.Debug|Any CPU.Build.0 = Debug|Any CPU
		{2BEC0A58-10F5-497D-BD85-6678FAA6CEC0}.Release|Any CPU.ActiveCfg = Release|Any CPU
		{2BEC0A58-10F5-497D-BD85-6678FAA6CEC0}.Release|Any CPU.Build.0 = Release|Any CPU
	EndGlobalSection
	GlobalSection(SolutionProperties) = preSolution
		HideSolutionNode = FALSE
	EndGlobalSection
EndGlobal
